{
  "name": "@speedbird/docs",
  "version": "0.0.6",
  "lockfileVersion": 1,
  "requires": true,
  "dependencies": {
    "@speedbird/components": {
      "version": "0.0.6",
      "requires": {
        "@speedbird/design-tokens": "^0.0.4",
        "@speedbird/icons": "^0.0.4",
        "@speedbird/styles": "^0.0.5"
      }
    },
    "@speedbird/design-tokens": {
      "version": "0.0.4"
    },
    "@speedbird/fonts": {
      "version": "0.0.3"
    },
    "@speedbird/icons": {
      "version": "0.0.4",
      "requires": {
        "@speedbird/design-tokens": "^0.0.4",
        "@speedbird/styles": "^0.0.5"
      }
    },
    "@speedbird/styles": {
      "version": "0.0.5",
      "requires": {
        "@speedbird/design-tokens": "^0.0.4"
      }
    }
  }
}
