{
  "name": "@speedbird/docs",
  "version": "0.0.6",
  "lockfileVersion": 1,
  "requires": true,
  "dependencies": {
    "@speedbird/components": {
      "version": "0.0.6",
      "requires": {
        "@speedbird/design-tokens": "^0.0.4",
        "@speedbird/icons": "^0.0.4",
        "@speedbird/styles": "^0.0.5"
      },
      "dependencies": {
        "@speedbird/design-tokens": {
          "version": "0.0.4",
          "resolved": "https://registry.npmjs.org/@speedbird/design-tokens/-/design-tokens-0.0.4.tgz",
          "integrity": "sha512-LCilJ5Qg6h7kiWpL4+YPqRsFp+lV5uPSf/gjJ7ouX0g5By9BAm2cZmcvdXcm7I0i0Wn8Nj8Wsj3RyqQhUs7pxA=="
        },
        "@speedbird/icons": {
          "version": "0.0.4",
          "resolved": "https://registry.npmjs.org/@speedbird/icons/-/icons-0.0.4.tgz",
          "integrity": "sha512-Dr+Wm2zoDc3ixkd5r5NvWWguk9hlbQpFTO8wMLST2FCfZ/WnkXrD+nkmISiTxd6cpZMfgXRAKx3+XKYLpDZv6g==",
          "requires": {
            "@speedbird/design-tokens": "^0.0.4",
            "@speedbird/styles": "^0.0.5"
          }
        },
        "@speedbird/styles": {
          "version": "0.0.5",
          "resolved": "https://registry.npmjs.org/@speedbird/styles/-/styles-0.0.5.tgz",
          "integrity": "sha512-SilJmQbPtGy6PSy1sdCkhtRKCVeMdTSQmdvwnpj76oN0/AoyfEq7EwgJKowo8lGMSW0ZcbxhgkNNU3TNF1WqKw==",
          "requires": {
            "@speedbird/design-tokens": "^0.0.4"
          }
        }
      }
    },
    "@speedbird/design-tokens": {
      "version": "0.0.4"
    },
    "@speedbird/fonts": {
      "version": "0.0.3"
    },
    "@speedbird/icons": {
      "version": "0.0.4",
      "requires": {
        "@speedbird/design-tokens": "^0.0.4",
        "@speedbird/styles": "^0.0.5"
      },
      "dependencies": {
        "@speedbird/design-tokens": {
          "version": "0.0.4",
          "resolved": "https://registry.npmjs.org/@speedbird/design-tokens/-/design-tokens-0.0.4.tgz",
          "integrity": "sha512-LCilJ5Qg6h7kiWpL4+YPqRsFp+lV5uPSf/gjJ7ouX0g5By9BAm2cZmcvdXcm7I0i0Wn8Nj8Wsj3RyqQhUs7pxA=="
        },
        "@speedbird/styles": {
          "version": "0.0.5",
          "resolved": "https://registry.npmjs.org/@speedbird/styles/-/styles-0.0.5.tgz",
          "integrity": "sha512-SilJmQbPtGy6PSy1sdCkhtRKCVeMdTSQmdvwnpj76oN0/AoyfEq7EwgJKowo8lGMSW0ZcbxhgkNNU3TNF1WqKw==",
          "requires": {
            "@speedbird/design-tokens": "^0.0.4"
          }
        }
      }
    },
    "@speedbird/styles": {
      "version": "0.0.5",
      "requires": {
        "@speedbird/design-tokens": "^0.0.4"
      },
      "dependencies": {
        "@speedbird/design-tokens": {
          "version": "0.0.4",
          "resolved": "https://registry.npmjs.org/@speedbird/design-tokens/-/design-tokens-0.0.4.tgz",
          "integrity": "sha512-LCilJ5Qg6h7kiWpL4+YPqRsFp+lV5uPSf/gjJ7ouX0g5By9BAm2cZmcvdXcm7I0i0Wn8Nj8Wsj3RyqQhUs7pxA=="
        }
      }
    }
  }
}
